{
    "name": "@wcms/commerce",
    "version": "2.0.0",
    "lockfileVersion": 3,
    "requires": true,
    "packages": {
        "": {
            "name": "@wcms/commerce",
            "version": "2.0.0",
            "dependencies": {
                "@pandora/data-models-odm": "^0.5.4"
            }
        },
        "node_modules/@pandora/data-models-odm": {
            "version": "0.5.4",
            "resolved": "https://artifactory.corp.adobe.com/artifactory/api/npm/npm-pandora-release/@pandora/data-models-odm/-/@pandora/data-models-odm-0.5.4.tgz",
            "integrity": "sha512-6H0DPaHiT+6/Bsrrumn67xfEWMmfS2Xp+80csEadsY2m/my/wYa5wpYblOnw0pEoFzXc6FCUp3TZHVFeulbkEQ=="
        }
    }
}
